<?xml version="1.0" encoding="utf-8"?>
<Project ToolsVersion="4.0" xmlns="http://schemas.microsoft.com/developer/msbuild/2003">
  <ItemGroup>
    <Filter Include="Source Files">
      <UniqueIdentifier>{4FC737F1-C7A5-4376-A066-2A32D752A2FF}</UniqueIdentifier>
      <Extensions>cpp;c;cc;cxx;c++;def;odl;idl;hpj;bat;asm;asmx</Extensions>
    </Filter>
    <Filter Include="Header Files">
      <UniqueIdentifier>{93995380-89BD-4b04-88EB-625FBE52EBFB}</UniqueIdentifier>
      <Extensions>h;hh;hpp;hxx;h++;hm;inl;inc;ipp;xsd</Extensions>
    </Filter>
    <Filter Include="Resource Files">
      <UniqueIdentifier>{67DA6AB6-F800-4c08-8B7A-83BB121AAD01}</UniqueIdentifier>
      <Extensions>rc;ico;cur;bmp;dlg;rc2;rct;bin;rgs;gif;jpg;jpeg;jpe;resx;tiff;tif;png;wav;mfcribbon-ms</Extensions>
    </Filter>
    <Filter Include="Generic">
      <UniqueIdentifier>{eae75e57-28db-4aee-8e16-d9f97e563a6f}</UniqueIdentifier>
    </Filter>
    <Filter Include="GB">
      <UniqueIdentifier>{1cd6e61a-3faf-47b7-8d53-c9923f0f59c9}</UniqueIdentifier>
    </Filter>
    <Filter Include="GB\CPU">
      <UniqueIdentifier>{7f8db396-5688-4b01-a8b5-167a487c61a3}</UniqueIdentifier>
    </Filter>
    <Filter Include="App">
      <UniqueIdentifier>{65d38de0-5298-42e6-94a7-8ec419d7ab12}</UniqueIdentifier>
    </Filter>
    <Filter Include="GB\Interpreter">
      <UniqueIdentifier>{78ba6b5e-8f9d-4c48-9871-fd217a3b777a}</UniqueIdentifier>
    </Filter>
  </ItemGroup>
  <ItemGroup>
    <ClCompile Include="Generic\registers.cpp">
      <Filter>Generic</Filter>
    </ClCompile>
    <ClCompile Include="GB\CPU\gb_registers.cpp">
      <Filter>GB\CPU</Filter>
    </ClCompile>
    <ClCompile Include="GB\CPU\gb_cpu.cpp">
      <Filter>GB\CPU</Filter>
    </ClCompile>
    <ClCompile Include="App\main.cpp">
      <Filter>App</Filter>
    </ClCompile>
    <ClCompile Include="Generic\address.cpp">
      <Filter>Generic</Filter>
    </ClCompile>
    <ClCompile Include="GB\Interpreter\gb_interpreter.cpp">
      <Filter>GB\Interpreter</Filter>
    </ClCompile>
    <ClCompile Include="Generic\logger.cpp">
      <Filter>Generic</Filter>
    </ClCompile>
    <ClCompile Include="Generic\gb_‏‏cartridge.cpp">
      <Filter>GB</Filter>
    </ClCompile>
    <ClCompile Include="App\sgbe.cpp">
      <Filter>App</Filter>
    </ClCompile>
    <ClCompile Include="Generic\cli.cpp">
      <Filter>Generic</Filter>
    </ClCompile>
  </ItemGroup>
  <ItemGroup>
    <ClInclude Include="Generic\registers.h">
      <Filter>Generic</Filter>
    </ClInclude>
    <ClInclude Include="GB\CPU\gb_cpu.h">
      <Filter>GB\CPU</Filter>
    </ClInclude>
    <ClInclude Include="GB\CPU\gb_registers.h">
      <Filter>GB\CPU</Filter>
    </ClInclude>
    <ClInclude Include="GB\gb_utility.h">
      <Filter>GB</Filter>
    </ClInclude>
    <ClInclude Include="Generic\address.h">
      <Filter>Generic</Filter>
    </ClInclude>
    <ClInclude Include="GB\Interpreter\gb_interpreter.h">
      <Filter>GB\Interpreter</Filter>
    </ClInclude>
    <ClInclude Include="Generic\logger.h">
      <Filter>Generic</Filter>
    </ClInclude>
    <ClInclude Include="Generic\gb_cartridge.h">
      <Filter>GB</Filter>
    </ClInclude>
    <ClInclude Include="App\sgbe.h">
      <Filter>App</Filter>
    </ClInclude>
    <ClInclude Include="Generic\cli.h">
      <Filter>Generic</Filter>
    </ClInclude>
  </ItemGroup>
</Project>